
Microsoft Visual Studio Solution File, Format Version 12.00
# Visual Studio 15
Project("{FAE04EC0-301F-11D3-BF4B-00C04F79EFBC}") = "Assembly-CSharp", "Assembly-CSharp.csproj", "{ABBF0826-89B8-D185-4000-B05DD2508027}"
EndProject
Project("{FAE04EC0-301F-11D3-BF4B-00C04F79EFBC}") = "Assembly-CSharp-Editor", "Assembly-CSharp-Editor.csproj", "{12C1D37C-5EC0-7543-417A-B15AF568CA8E}"
EndProject
Global
	GlobalSection(SolutionConfigurationPlatforms) = preSolution
		Debug|Any CPU = Debug|Any CPU
		Release|Any CPU = Release|Any CPU
	EndGlobalSection
	GlobalSection(ProjectConfigurationPlatforms) = postSolution
		{ABBF0826-89B8-D185-4000-B05DD2508027}.Debug|Any CPU.ActiveCfg = Debug|Any CPU
		{ABBF0826-89B8-D185-4000-B05DD2508027}.Debug|Any CPU.Build.0 = Debug|Any CPU
		{ABBF0826-89B8-D185-4000-B05DD2508027}.Release|Any CPU.ActiveCfg = Release|Any CPU
		{ABBF0826-89B8-D185-4000-B05DD2508027}.Release|Any CPU.Build.0 = Release|Any CPU
		{12C1D37C-5EC0-7543-417A-B15AF568CA8E}.Debug|Any CPU.ActiveCfg = Debug|Any CPU
		{12C1D37C-5EC0-7543-417A-B15AF568CA8E}.Debug|Any CPU.Build.0 = Debug|Any CPU
		{12C1D37C-5EC0-7543-417A-B15AF568CA8E}.Release|Any CPU.ActiveCfg = Release|Any CPU
		{12C1D37C-5EC0-7543-417A-B15AF568CA8E}.Release|Any CPU.Build.0 = Release|Any CPU
	EndGlobalSection
	GlobalSection(SolutionProperties) = preSolution
		HideSolutionNode = FALSE
	EndGlobalSection
EndGlobal
